// !$*UTF8*$!
{
	archiveVersion = 1;
	classes = {
	};
	objectVersion = 46;
	objects = {

/* Begin PBXBuildFile section */
		6003F5B1195388D20070C39A /* Foundation.framework in Frameworks */ = {isa = PBXBuildFile; fileRef = 6003F58D195388D20070C39A /* Foundation.framework */; };
		6003F5B2195388D20070C39A /* UIKit.framework in Frameworks */ = {isa = PBXBuildFile; fileRef = 6003F591195388D20070C39A /* UIKit.framework */; };
/* End PBXBuildFile section */

/* Begin PBXFileReference section */
		160A19BD7B440A7E3675ADBA /* LICENSE */ = {isa = PBXFileReference; includeInIndex = 1; lastKnownFileType = text; name = LICENSE; path = ../LICENSE; sourceTree = "<group>"; };
		599CAE2B779E1B01D4AD045F /* README.md */ = {isa = PBXFileReference; includeInIndex = 1; lastKnownFileType = net.daringfireball.markdown; name = README.md; path = ../README.md; sourceTree = "<group>"; };
		6003F58D195388D20070C39A /* Foundation.framework */ = {isa = PBXFileReference; lastKnownFileType = wrapper.framework; name = Foundation.framework; path = System/Library/Frameworks/Foundation.framework; sourceTree = SDKROOT; };
		6003F58F195388D20070C39A /* CoreGraphics.framework */ = {isa = PBXFileReference; lastKnownFileType = wrapper.framework; name = CoreGraphics.framework; path = System/Library/Frameworks/CoreGraphics.framework; sourceTree = SDKROOT; };
		6003F591195388D20070C39A /* UIKit.framework */ = {isa = PBXFileReference; lastKnownFileType = wrapper.framework; name = UIKit.framework; path = System/Library/Frameworks/UIKit.framework; sourceTree = SDKROOT; };
		914A00001B84C3F0006D9E2E /* OCDictionaryUtilities.m */ = {isa = PBXFileReference; lastKnownFileType = sourcecode.c.objc; path = OCDictionaryUtilities.m; sourceTree = "<group>"; };
		914A00011B84C3F0006D9E2E /* RKHTTPUtilities.h */ = {isa = PBXFileReference; lastKnownFileType = sourcecode.c.h; path = RKHTTPUtilities.h; sourceTree = "<group>"; };
		914A00021B84C3F0006D9E2E /* RKHTTPUtilities.m */ = {isa = PBXFileReference; lastKnownFileType = sourcecode.c.objc; path = RKHTTPUtilities.m; sourceTree = "<group>"; };
		914A00031B84C3F0006D9E2E /* RKSerialization.h */ = {isa = PBXFileReference; lastKnownFileType = sourcecode.c.h; path = RKSerialization.h; sourceTree = "<group>"; };
		914A00041B84C3F0006D9E2E /* RKURLEncodedSerialization.h */ = {isa = PBXFileReference; lastKnownFileType = sourcecode.c.h; path = RKURLEncodedSerialization.h; sourceTree = "<group>"; };
		914A00051B84C3F0006D9E2E /* RKURLEncodedSerialization.m */ = {isa = PBXFileReference; lastKnownFileType = sourcecode.c.objc; path = RKURLEncodedSerialization.m; sourceTree = "<group>"; };
		914A00061B84C3F0006D9E2E /* LICENSE */ = {isa = PBXFileReference; lastKnownFileType = text; path = LICENSE; sourceTree = "<group>"; };
		914A000A1B84C3F0006D9E2E /* CKStringUtils.h */ = {isa = PBXFileReference; lastKnownFileType = sourcecode.c.h; path = CKStringUtils.h; sourceTree = "<group>"; };
		914A000B1B84C3F0006D9E2E /* CKStringUtils.m */ = {isa = PBXFileReference; lastKnownFileType = sourcecode.c.objc; path = CKStringUtils.m; sourceTree = "<group>"; };
		914A000D1B84C3F0006D9E2E /* LICENSE.txt */ = {isa = PBXFileReference; lastKnownFileType = text; path = LICENSE.txt; sourceTree = "<group>"; };
		914A000E1B84C3F0006D9E2E /* NSDictionary+OCHelper.h */ = {isa = PBXFileReference; lastKnownFileType = sourcecode.c.h; path = "NSDictionary+OCHelper.h"; sourceTree = "<group>"; };
		914A000F1B84C3F0006D9E2E /* NSDictionary+OCHelper.m */ = {isa = PBXFileReference; lastKnownFileType = sourcecode.c.objc; path = "NSDictionary+OCHelper.m"; sourceTree = "<group>"; };
		914A00101B84C3F0006D9E2E /* NSDictionary+STHelper-Prefix.pch */ = {isa = PBXFileReference; lastKnownFileType = sourcecode.c.h; path = "NSDictionary+STHelper-Prefix.pch"; sourceTree = "<group>"; };
		914A00111B84C3F0006D9E2E /* NSDictionary+STHelper.h */ = {isa = PBXFileReference; lastKnownFileType = sourcecode.c.h; path = "NSDictionary+STHelper.h"; sourceTree = "<group>"; };
		914A00121B84C3F0006D9E2E /* NSDictionary+STHelper.m */ = {isa = PBXFileReference; lastKnownFileType = sourcecode.c.objc; path = "NSDictionary+STHelper.m"; sourceTree = "<group>"; };
		914A00131B84C3F0006D9E2E /* NSMutableDictionary+STHelper.h */ = {isa = PBXFileReference; lastKnownFileType = sourcecode.c.h; path = "NSMutableDictionary+STHelper.h"; sourceTree = "<group>"; };
		914A00141B84C3F0006D9E2E /* NSMutableDictionary+STHelper.m */ = {isa = PBXFileReference; lastKnownFileType = sourcecode.c.objc; path = "NSMutableDictionary+STHelper.m"; sourceTree = "<group>"; };
		914AFFEE1B84C3F0006D9E2E /* .gitkeep */ = {isa = PBXFileReference; lastKnownFileType = text; path = .gitkeep; sourceTree = "<group>"; };
		914AFFF01B84C3F0006D9E2E /* .gitkeep */ = {isa = PBXFileReference; lastKnownFileType = text; path = .gitkeep; sourceTree = "<group>"; };
		914AFFF21B84C3F0006D9E2E /* OCDataManager.h */ = {isa = PBXFileReference; lastKnownFileType = sourcecode.c.h; path = OCDataManager.h; sourceTree = "<group>"; };
		914AFFF31B84C3F0006D9E2E /* OCDataManager.m */ = {isa = PBXFileReference; lastKnownFileType = sourcecode.c.objc; path = OCDataManager.m; sourceTree = "<group>"; };
		914AFFF41B84C3F0006D9E2E /* OCWebService.h */ = {isa = PBXFileReference; lastKnownFileType = sourcecode.c.h; path = OCWebService.h; sourceTree = "<group>"; };
		914AFFF51B84C3F0006D9E2E /* OCWebService.m */ = {isa = PBXFileReference; lastKnownFileType = sourcecode.c.objc; path = OCWebService.m; sourceTree = "<group>"; };
		914AFFF61B84C3F0006D9E2E /* OCWebServiceConfig.h */ = {isa = PBXFileReference; lastKnownFileType = sourcecode.c.h; path = OCWebServiceConfig.h; sourceTree = "<group>"; };
		914AFFF71B84C3F0006D9E2E /* OCWebServiceConfig.m */ = {isa = PBXFileReference; lastKnownFileType = sourcecode.c.objc; path = OCWebServiceConfig.m; sourceTree = "<group>"; };
		914AFFF81B84C3F0006D9E2E /* OCWebServiceConstant.h */ = {isa = PBXFileReference; lastKnownFileType = sourcecode.c.h; path = OCWebServiceConstant.h; sourceTree = "<group>"; };
		914AFFF91B84C3F0006D9E2E /* OCWebServiceConstant.m */ = {isa = PBXFileReference; lastKnownFileType = sourcecode.c.objc; path = OCWebServiceConstant.m; sourceTree = "<group>"; };
		914AFFFB1B84C3F0006D9E2E /* OCDataException.h */ = {isa = PBXFileReference; lastKnownFileType = sourcecode.c.h; path = OCDataException.h; sourceTree = "<group>"; };
		914AFFFC1B84C3F0006D9E2E /* OCDataException.m */ = {isa = PBXFileReference; lastKnownFileType = sourcecode.c.objc; path = OCDataException.m; sourceTree = "<group>"; };
		914AFFFD1B84C3F0006D9E2E /* OctopusKit.h */ = {isa = PBXFileReference; lastKnownFileType = sourcecode.c.h; path = OctopusKit.h; sourceTree = "<group>"; };
		914AFFFF1B84C3F0006D9E2E /* OCDictionaryUtilities.h */ = {isa = PBXFileReference; lastKnownFileType = sourcecode.c.h; path = OCDictionaryUtilities.h; sourceTree = "<group>"; };
		91A1501B2439C1620080EED9 /* OctopusKit_Tests.xctest */ = {isa = PBXFileReference; explicitFileType = wrapper.cfbundle; includeInIndex = 0; name = OctopusKit_Tests.xctest; path = "/Users/icoco/Workspace/2020/prj/ixkit/OctopusKit/Bundle/build/Debug-iphoneos/OctopusKit_Tests.xctest"; sourceTree = "<absolute>"; };
		DFF0FFA8DD2C6DF95CF8DC15 /* OctopusKit.podspec */ = {isa = PBXFileReference; includeInIndex = 1; lastKnownFileType = text; name = OctopusKit.podspec; path = ../OctopusKit.podspec; sourceTree = "<group>"; };
/* End PBXFileReference section */

/* Begin PBXFrameworksBuildPhase section */
		6003F5AB195388D20070C39A /* Frameworks */ = {
			isa = PBXFrameworksBuildPhase;
			buildActionMask = 2147483647;
			files = (
				6003F5B2195388D20070C39A /* UIKit.framework in Frameworks */,
				6003F5B1195388D20070C39A /* Foundation.framework in Frameworks */,
			);
			runOnlyForDeploymentPostprocessing = 0;
		};
/* End PBXFrameworksBuildPhase section */

/* Begin PBXGroup section */
		6003F581195388D10070C39A = {
			isa = PBXGroup;
			children = (
				914AFFEC1B84C3F0006D9E2E /* OctopusKit */,
				60FF7A9C1954A5C5007DD14C /* Podspec Metadata */,
				6003F58C195388D20070C39A /* Frameworks */,
			);
			sourceTree = "<group>";
		};
		6003F58C195388D20070C39A /* Frameworks */ = {
			isa = PBXGroup;
			children = (
				6003F58D195388D20070C39A /* Foundation.framework */,
				6003F58F195388D20070C39A /* CoreGraphics.framework */,
				6003F591195388D20070C39A /* UIKit.framework */,
			);
			name = Frameworks;
			sourceTree = "<group>";
		};
		60FF7A9C1954A5C5007DD14C /* Podspec Metadata */ = {
			isa = PBXGroup;
			children = (
				DFF0FFA8DD2C6DF95CF8DC15 /* OctopusKit.podspec */,
				599CAE2B779E1B01D4AD045F /* README.md */,
				160A19BD7B440A7E3675ADBA /* LICENSE */,
			);
			name = "Podspec Metadata";
			sourceTree = "<group>";
		};
		914A00071B84C3F0006D9E2E /* Vendor */ = {
			isa = PBXGroup;
			children = (
				914A00081B84C3F0006D9E2E /* Foundation */,
			);
			path = Vendor;
			sourceTree = "<group>";
		};
		914A00081B84C3F0006D9E2E /* Foundation */ = {
			isa = PBXGroup;
			children = (
				914A00091B84C3F0006D9E2E /* CKStringUtils */,
				914A000C1B84C3F0006D9E2E /* NSDictionary+STHelper */,
			);
			path = Foundation;
			sourceTree = "<group>";
		};
		914A00091B84C3F0006D9E2E /* CKStringUtils */ = {
			isa = PBXGroup;
			children = (
				914A000A1B84C3F0006D9E2E /* CKStringUtils.h */,
				914A000B1B84C3F0006D9E2E /* CKStringUtils.m */,
			);
			path = CKStringUtils;
			sourceTree = "<group>";
		};
		914A000C1B84C3F0006D9E2E /* NSDictionary+STHelper */ = {
			isa = PBXGroup;
			children = (
				914A000D1B84C3F0006D9E2E /* LICENSE.txt */,
				914A000E1B84C3F0006D9E2E /* NSDictionary+OCHelper.h */,
				914A000F1B84C3F0006D9E2E /* NSDictionary+OCHelper.m */,
				914A00101B84C3F0006D9E2E /* NSDictionary+STHelper-Prefix.pch */,
				914A00111B84C3F0006D9E2E /* NSDictionary+STHelper.h */,
				914A00121B84C3F0006D9E2E /* NSDictionary+STHelper.m */,
				914A00131B84C3F0006D9E2E /* NSMutableDictionary+STHelper.h */,
				914A00141B84C3F0006D9E2E /* NSMutableDictionary+STHelper.m */,
			);
			path = "NSDictionary+STHelper";
			sourceTree = "<group>";
		};
		914AFFEC1B84C3F0006D9E2E /* OctopusKit */ = {
			isa = PBXGroup;
			children = (
				914AFFED1B84C3F0006D9E2E /* Assets */,
				914AFFEF1B84C3F0006D9E2E /* Classes */,
				914A00061B84C3F0006D9E2E /* LICENSE */,
				914A00071B84C3F0006D9E2E /* Vendor */,
			);
			name = OctopusKit;
			path = ../OctopusKit;
			sourceTree = "<group>";
		};
		914AFFED1B84C3F0006D9E2E /* Assets */ = {
			isa = PBXGroup;
			children = (
				914AFFEE1B84C3F0006D9E2E /* .gitkeep */,
			);
			path = Assets;
			sourceTree = "<group>";
		};
		914AFFEF1B84C3F0006D9E2E /* Classes */ = {
			isa = PBXGroup;
			children = (
				914AFFF01B84C3F0006D9E2E /* .gitkeep */,
				914AFFF11B84C3F0006D9E2E /* Core */,
				914AFFFA1B84C3F0006D9E2E /* Exception */,
				914AFFFD1B84C3F0006D9E2E /* OctopusKit.h */,
				914AFFFE1B84C3F0006D9E2E /* Support */,
			);
			path = Classes;
			sourceTree = "<group>";
		};
		914AFFF11B84C3F0006D9E2E /* Core */ = {
			isa = PBXGroup;
			children = (
				914AFFF21B84C3F0006D9E2E /* OCDataManager.h */,
				914AFFF31B84C3F0006D9E2E /* OCDataManager.m */,
				914AFFF41B84C3F0006D9E2E /* OCWebService.h */,
				914AFFF51B84C3F0006D9E2E /* OCWebService.m */,
				914AFFF61B84C3F0006D9E2E /* OCWebServiceConfig.h */,
				914AFFF71B84C3F0006D9E2E /* OCWebServiceConfig.m */,
				914AFFF81B84C3F0006D9E2E /* OCWebServiceConstant.h */,
				914AFFF91B84C3F0006D9E2E /* OCWebServiceConstant.m */,
			);
			path = Core;
			sourceTree = "<group>";
		};
		914AFFFA1B84C3F0006D9E2E /* Exception */ = {
			isa = PBXGroup;
			children = (
				914AFFFB1B84C3F0006D9E2E /* OCDataException.h */,
				914AFFFC1B84C3F0006D9E2E /* OCDataException.m */,
			);
			path = Exception;
			sourceTree = "<group>";
		};
		914AFFFE1B84C3F0006D9E2E /* Support */ = {
			isa = PBXGroup;
			children = (
				914AFFFF1B84C3F0006D9E2E /* OCDictionaryUtilities.h */,
				914A00001B84C3F0006D9E2E /* OCDictionaryUtilities.m */,
				914A00011B84C3F0006D9E2E /* RKHTTPUtilities.h */,
				914A00021B84C3F0006D9E2E /* RKHTTPUtilities.m */,
				914A00031B84C3F0006D9E2E /* RKSerialization.h */,
				914A00041B84C3F0006D9E2E /* RKURLEncodedSerialization.h */,
				914A00051B84C3F0006D9E2E /* RKURLEncodedSerialization.m */,
			);
			path = Support;
			sourceTree = "<group>";
		};
/* End PBXGroup section */

/* Begin PBXNativeTarget section */
		6003F5AD195388D20070C39A /* OctopusKit_Tests */ = {
			isa = PBXNativeTarget;
			buildConfigurationList = 6003F5C2195388D20070C39A /* Build configuration list for PBXNativeTarget "OctopusKit_Tests" */;
			buildPhases = (
				587E7696FD2DCECC93CDC827 /* [CP] Check Pods Manifest.lock */,
				6003F5AA195388D20070C39A /* Sources */,
				6003F5AB195388D20070C39A /* Frameworks */,
				6003F5AC195388D20070C39A /* Resources */,
				99A755D71DDA3A755EC0CDBC /* [CP] Embed Pods Frameworks */,
			);
			buildRules = (
			);
			dependencies = (
			);
			name = OctopusKit_Tests;
			productName = OctopusKitTests;
			productReference = 91A1501B2439C1620080EED9 /* OctopusKit_Tests.xctest */;
			productType = "com.apple.product-type.bundle.unit-test";
		};
/* End PBXNativeTarget section */

/* Begin PBXProject section */
		6003F582195388D10070C39A /* Project object */ = {
			isa = PBXProject;
			attributes = {
				CLASSPREFIX = OC;
				LastUpgradeCheck = 0510;
				ORGANIZATIONNAME = RobinCheung;
				TargetAttributes = {
					6003F5AD195388D20070C39A = {
						TestTargetID = 6003F589195388D20070C39A;
					};
				};
			};
			buildConfigurationList = 6003F585195388D10070C39A /* Build configuration list for PBXProject "OctopusKit" */;
			compatibilityVersion = "Xcode 3.2";
			developmentRegion = English;
			hasScannedForEncodings = 0;
			knownRegions = (
				en,
				Base,
			);
			mainGroup = 6003F581195388D10070C39A;
			productRefGroup = 6003F581195388D10070C39A;
			projectDirPath = "";
			projectRoot = "";
			targets = (
				6003F5AD195388D20070C39A /* OctopusKit_Tests */,
			);
		};
/* End PBXProject section */

/* Begin PBXResourcesBuildPhase section */
		6003F5AC195388D20070C39A /* Resources */ = {
			isa = PBXResourcesBuildPhase;
			buildActionMask = 2147483647;
			files = (
			);
			runOnlyForDeploymentPostprocessing = 0;
		};
/* End PBXResourcesBuildPhase section */

/* Begin PBXShellScriptBuildPhase section */
		587E7696FD2DCECC93CDC827 /* [CP] Check Pods Manifest.lock */ = {
			isa = PBXShellScriptBuildPhase;
			buildActionMask = 2147483647;
			files = (
			);
			inputPaths = (
				"${PODS_PODFILE_DIR_PATH}/Podfile.lock",
				"${PODS_ROOT}/Manifest.lock",
			);
			name = "[CP] Check Pods Manifest.lock";
			outputPaths = (
				"$(DERIVED_FILE_DIR)/Pods-OctopusKit_Tests-checkManifestLockResult.txt",
			);
			runOnlyForDeploymentPostprocessing = 0;
			shellPath = /bin/sh;
			shellScript = "diff \"${PODS_PODFILE_DIR_PATH}/Podfile.lock\" \"${PODS_ROOT}/Manifest.lock\" > /dev/null\nif [ $? != 0 ] ; then\n    # print error to STDERR\n    echo \"error: The sandbox is not in sync with the Podfile.lock. Run 'pod install' or update your CocoaPods installation.\" >&2\n    exit 1\nfi\n# This output is used by Xcode 'outputs' to avoid re-running this script phase.\necho \"SUCCESS\" > \"${SCRIPT_OUTPUT_FILE_0}\"\n";
			showEnvVarsInLog = 0;
		};
		99A755D71DDA3A755EC0CDBC /* [CP] Embed Pods Frameworks */ = {
			isa = PBXShellScriptBuildPhase;
			buildActionMask = 2147483647;
			files = (
			);
			inputPaths = (
				"${PODS_ROOT}/Target Support Files/Pods-OctopusKit_Tests/Pods-OctopusKit_Tests-frameworks.sh",
				"${BUILT_PRODUCTS_DIR}/AFNetworking/AFNetworking.framework",
				"${BUILT_PRODUCTS_DIR}/OctopusKit/OctopusKit.framework",
			);
			name = "[CP] Embed Pods Frameworks";
			outputPaths = (
				"${TARGET_BUILD_DIR}/${FRAMEWORKS_FOLDER_PATH}/AFNetworking.framework",
				"${TARGET_BUILD_DIR}/${FRAMEWORKS_FOLDER_PATH}/OctopusKit.framework",
			);
			runOnlyForDeploymentPostprocessing = 0;
			shellPath = /bin/sh;
			shellScript = "\"${PODS_ROOT}/Target Support Files/Pods-OctopusKit_Tests/Pods-OctopusKit_Tests-frameworks.sh\"\n";
			showEnvVarsInLog = 0;
		};
/* End PBXShellScriptBuildPhase section */

/* Begin PBXSourcesBuildPhase section */
		6003F5AA195388D20070C39A /* Sources */ = {
			isa = PBXSourcesBuildPhase;
			buildActionMask = 2147483647;
			files = (
			);
			runOnlyForDeploymentPostprocessing = 0;
		};
/* End PBXSourcesBuildPhase section */

/* Begin XCBuildConfiguration section */
		6003F5BD195388D20070C39A /* Debug */ = {
			isa = XCBuildConfiguration;
			buildSettings = {
				ALWAYS_SEARCH_USER_PATHS = NO;
				CLANG_CXX_LANGUAGE_STANDARD = "gnu++0x";
				CLANG_CXX_LIBRARY = "libc++";
				CLANG_ENABLE_MODULES = YES;
				CLANG_ENABLE_OBJC_ARC = YES;
				CLANG_WARN_BOOL_CONVERSION = YES;
				CLANG_WARN_CONSTANT_CONVERSION = YES;
				CLANG_WARN_DIRECT_OBJC_ISA_USAGE = YES_ERROR;
				CLANG_WARN_EMPTY_BODY = YES;
				CLANG_WARN_ENUM_CONVERSION = YES;
				CLANG_WARN_INT_CONVERSION = YES;
				CLANG_WARN_OBJC_ROOT_CLASS = YES_ERROR;
				CLANG_WARN__DUPLICATE_METHOD_MATCH = YES;
				"CODE_SIGN_IDENTITY[sdk=iphoneos*]" = "iPhone Developer";
				COPY_PHASE_STRIP = NO;
				GCC_C_LANGUAGE_STANDARD = gnu99;
				GCC_DYNAMIC_NO_PIC = NO;
				GCC_OPTIMIZATION_LEVEL = 0;
				GCC_PREPROCESSOR_DEFINITIONS = (
					"DEBUG=1",
					"$(inherited)",
				);
				GCC_SYMBOLS_PRIVATE_EXTERN = NO;
				GCC_WARN_64_TO_32_BIT_CONVERSION = YES;
				GCC_WARN_ABOUT_RETURN_TYPE = YES_ERROR;
				GCC_WARN_UNDECLARED_SELECTOR = YES;
				GCC_WARN_UNINITIALIZED_AUTOS = YES_AGGRESSIVE;
				GCC_WARN_UNUSED_FUNCTION = YES;
				GCC_WARN_UNUSED_VARIABLE = YES;
				IPHONEOS_DEPLOYMENT_TARGET = 7.1;
				ONLY_ACTIVE_ARCH = YES;
				SDKROOT = iphoneos;
				TARGETED_DEVICE_FAMILY = "1,2";
			};
			name = Debug;
		};
		6003F5BE195388D20070C39A /* Release */ = {
			isa = XCBuildConfiguration;
			buildSettings = {
				ALWAYS_SEARCH_USER_PATHS = NO;
				CLANG_CXX_LANGUAGE_STANDARD = "gnu++0x";
				CLANG_CXX_LIBRARY = "libc++";
				CLANG_ENABLE_MODULES = YES;
				CLANG_ENABLE_OBJC_ARC = YES;
				CLANG_WARN_BOOL_CONVERSION = YES;
				CLANG_WARN_CONSTANT_CONVERSION = YES;
				CLANG_WARN_DIRECT_OBJC_ISA_USAGE = YES_ERROR;
				CLANG_WARN_EMPTY_BODY = YES;
				CLANG_WARN_ENUM_CONVERSION = YES;
				CLANG_WARN_INT_CONVERSION = YES;
				CLANG_WARN_OBJC_ROOT_CLASS = YES_ERROR;
				CLANG_WARN__DUPLICATE_METHOD_MATCH = YES;
				"CODE_SIGN_IDENTITY[sdk=iphoneos*]" = "iPhone Developer";
				COPY_PHASE_STRIP = YES;
				ENABLE_NS_ASSERTIONS = NO;
				GCC_C_LANGUAGE_STANDARD = gnu99;
				GCC_WARN_64_TO_32_BIT_CONVERSION = YES;
				GCC_WARN_ABOUT_RETURN_TYPE = YES_ERROR;
				GCC_WARN_UNDECLARED_SELECTOR = YES;
				GCC_WARN_UNINITIALIZED_AUTOS = YES_AGGRESSIVE;
				GCC_WARN_UNUSED_FUNCTION = YES;
				GCC_WARN_UNUSED_VARIABLE = YES;
				IPHONEOS_DEPLOYMENT_TARGET = 7.1;
				SDKROOT = iphoneos;
				TARGETED_DEVICE_FAMILY = "1,2";
				VALIDATE_PRODUCT = YES;
			};
			name = Release;
		};
		6003F5C3195388D20070C39A /* Debug */ = {
			isa = XCBuildConfiguration;
			buildSettings = {
				BUNDLE_LOADER = "$(TEST_HOST)";
				FRAMEWORK_SEARCH_PATHS = (
					"$(SDKROOT)/Developer/Library/Frameworks",
					"$(inherited)",
					"$(DEVELOPER_FRAMEWORKS_DIR)",
				);
				GCC_PRECOMPILE_PREFIX_HEADER = YES;
				GCC_PREFIX_HEADER = "Tests/Tests-Prefix.pch";
				GCC_PREPROCESSOR_DEFINITIONS = (
					"DEBUG=1",
					"$(inherited)",
				);
				INFOPLIST_FILE = "Tests/Tests-Info.plist";
				PRODUCT_NAME = "$(TARGET_NAME)";
				TEST_HOST = "$(BUILT_PRODUCTS_DIR)/OctopusKit_Example.app/OctopusKit_Example";
				WRAPPER_EXTENSION = xctest;
			};
			name = Debug;
		};
		6003F5C4195388D20070C39A /* Release */ = {
			isa = XCBuildConfiguration;
			buildSettings = {
				BUNDLE_LOADER = "$(TEST_HOST)";
				FRAMEWORK_SEARCH_PATHS = (
					"$(SDKROOT)/Developer/Library/Frameworks",
					"$(inherited)",
					"$(DEVELOPER_FRAMEWORKS_DIR)",
				);
				GCC_PRECOMPILE_PREFIX_HEADER = YES;
				GCC_PREFIX_HEADER = "Tests/Tests-Prefix.pch";
				INFOPLIST_FILE = "Tests/Tests-Info.plist";
				PRODUCT_NAME = "$(TARGET_NAME)";
				TEST_HOST = "$(BUILT_PRODUCTS_DIR)/OctopusKit_Example.app/OctopusKit_Example";
				WRAPPER_EXTENSION = xctest;
			};
			name = Release;
		};
/* End XCBuildConfiguration section */

/* Begin XCConfigurationList section */
		6003F585195388D10070C39A /* Build configuration list for PBXProject "OctopusKit" */ = {
			isa = XCConfigurationList;
			buildConfigurations = (
				6003F5BD195388D20070C39A /* Debug */,
				6003F5BE195388D20070C39A /* Release */,
			);
			defaultConfigurationIsVisible = 0;
			defaultConfigurationName = Release;
		};
		6003F5C2195388D20070C39A /* Build configuration list for PBXNativeTarget "OctopusKit_Tests" */ = {
			isa = XCConfigurationList;
			buildConfigurations = (
				6003F5C3195388D20070C39A /* Debug */,
				6003F5C4195388D20070C39A /* Release */,
			);
			defaultConfigurationIsVisible = 0;
			defaultConfigurationName = Release;
		};
/* End XCConfigurationList section */
	};
	rootObject = 6003F582195388D10070C39A /* Project object */;
}
